
Microsoft Visual Studio Solution File, Format Version 12.00
# Visual Studio 15
VisualStudioVersion = 15.0.26124.0
MinimumVisualStudioVersion = 15.0.26124.0
Project("{FAE04EC0-301F-11D3-BF4B-00C04F79EFBC}") = "CSVUtil", "CSVUtil\CSVUtil.csproj", "{83A2F06E-8AC4-44C2-9E32-21E64A777F36}"
EndProject
Project("{F2A71F9B-5D33-465A-A702-920D77279786}") = "Matching", "Matching\Matching.fsproj", "{ACC862F4-C49A-41B6-966A-182B4E7AD306}"
EndProject
Global
	GlobalSection(SolutionConfigurationPlatforms) = preSolution
		Debug|Any CPU = Debug|Any CPU
		Debug|x64 = Debug|x64
		Debug|x86 = Debug|x86
		Release|Any CPU = Release|Any CPU
		Release|x64 = Release|x64
		Release|x86 = Release|x86
	EndGlobalSection
	GlobalSection(SolutionProperties) = preSolution
		HideSolutionNode = FALSE
	EndGlobalSection
	GlobalSection(ProjectConfigurationPlatforms) = postSolution
		{83A2F06E-8AC4-44C2-9E32-21E64A777F36}.Debug|Any CPU.ActiveCfg = Debug|Any CPU
		{83A2F06E-8AC4-44C2-9E32-21E64A777F36}.Debug|Any CPU.Build.0 = Debug|Any CPU
		{83A2F06E-8AC4-44C2-9E32-21E64A777F36}.Debug|x64.ActiveCfg = Debug|Any CPU
		{83A2F06E-8AC4-44C2-9E32-21E64A777F36}.Debug|x64.Build.0 = Debug|Any CPU
		{83A2F06E-8AC4-44C2-9E32-21E64A777F36}.Debug|x86.ActiveCfg = Debug|Any CPU
		{83A2F06E-8AC4-44C2-9E32-21E64A777F36}.Debug|x86.Build.0 = Debug|Any CPU
		{83A2F06E-8AC4-44C2-9E32-21E64A777F36}.Release|Any CPU.ActiveCfg = Release|Any CPU
		{83A2F06E-8AC4-44C2-9E32-21E64A777F36}.Release|Any CPU.Build.0 = Release|Any CPU
		{83A2F06E-8AC4-44C2-9E32-21E64A777F36}.Release|x64.ActiveCfg = Release|Any CPU
		{83A2F06E-8AC4-44C2-9E32-21E64A777F36}.Release|x64.Build.0 = Release|Any CPU
		{83A2F06E-8AC4-44C2-9E32-21E64A777F36}.Release|x86.ActiveCfg = Release|Any CPU
		{83A2F06E-8AC4-44C2-9E32-21E64A777F36}.Release|x86.Build.0 = Release|Any CPU
		{ACC862F4-C49A-41B6-966A-182B4E7AD306}.Debug|Any CPU.ActiveCfg = Debug|Any CPU
		{ACC862F4-C49A-41B6-966A-182B4E7AD306}.Debug|Any CPU.Build.0 = Debug|Any CPU
		{ACC862F4-C49A-41B6-966A-182B4E7AD306}.Debug|x64.ActiveCfg = Debug|Any CPU
		{ACC862F4-C49A-41B6-966A-182B4E7AD306}.Debug|x64.Build.0 = Debug|Any CPU
		{ACC862F4-C49A-41B6-966A-182B4E7AD306}.Debug|x86.ActiveCfg = Debug|Any CPU
		{ACC862F4-C49A-41B6-966A-182B4E7AD306}.Debug|x86.Build.0 = Debug|Any CPU
		{ACC862F4-C49A-41B6-966A-182B4E7AD306}.Release|Any CPU.ActiveCfg = Release|Any CPU
		{ACC862F4-C49A-41B6-966A-182B4E7AD306}.Release|Any CPU.Build.0 = Release|Any CPU
		{ACC862F4-C49A-41B6-966A-182B4E7AD306}.Release|x64.ActiveCfg = Release|Any CPU
		{ACC862F4-C49A-41B6-966A-182B4E7AD306}.Release|x64.Build.0 = Release|Any CPU
		{ACC862F4-C49A-41B6-966A-182B4E7AD306}.Release|x86.ActiveCfg = Release|Any CPU
		{ACC862F4-C49A-41B6-966A-182B4E7AD306}.Release|x86.Build.0 = Release|Any CPU
	EndGlobalSection
EndGlobal
